Microsoft Visual Studio Solution File, Format Version 12.00
# Visual Studio Version 17
VisualStudioVersion = 17.5.2.0
MinimumVisualStudioVersion = 10.0.40219.1
Project("{FAE04EC0-301F-11D3-BF4B-00C04F79EFBC}") = "MedicalAppointmentAPI", "MedicalAppointmentAPI.csproj", "{74B8A4C4-7888-E82E-E0AA-6911175601DE}"
EndProject
Global
	GlobalSection(SolutionConfigurationPlatforms) = preSolution
		Debug|Any CPU = Debug|Any CPU
		Release|Any CPU = Release|Any CPU
	EndGlobalSection
	GlobalSection(ProjectConfigurationPlatforms) = postSolution
		{74B8A4C4-7888-E82E-E0AA-6911175601DE}.Debug|Any CPU.ActiveCfg = Debug|Any CPU
		{74B8A4C4-7888-E82E-E0AA-6911175601DE}.Debug|Any CPU.Build.0 = Debug|Any CPU
		{74B8A4C4-7888-E82E-E0AA-6911175601DE}.Release|Any CPU.ActiveCfg = Release|Any CPU
		{74B8A4C4-7888-E82E-E0AA-6911175601DE}.Release|Any CPU.Build.0 = Release|Any CPU
	EndGlobalSection
	GlobalSection(SolutionProperties) = preSolution
		HideSolutionNode = FALSE
	EndGlobalSection
	GlobalSection(ExtensibilityGlobals) = postSolution
		SolutionGuid = {ADB9AF38-6D87-46DF-BF08-0BAF2EF898FE}
	EndGlobalSection
EndGlobal
